
Microsoft Visual Studio Solution File, Format Version 12.00
# Visual Studio Version 17
VisualStudioVersion = 17.4.33213.308
MinimumVisualStudioVersion = 10.0.40219.1
Project("{9A19103F-16F7-4668-BE54-9A1E7A4F7556}") = "SoulLinkApp", "SoulLinkApp\SoulLinkApp.csproj", "{F5B25D33-3182-4BE1-B85B-8C90EEDF36DC}"
EndProject
Project("{9A19103F-16F7-4668-BE54-9A1E7A4F7556}") = "DataLibrary", "DataLibrary\DataLibrary.csproj", "{919E7D56-5236-4D46-BC6B-C7D4539F851D}"
EndProject
Project("{9A19103F-16F7-4668-BE54-9A1E7A4F7556}") = "NuzlockeAssistant", "NuzlockeAssistant\NuzlockeAssistant.csproj", "{64747F02-D0FB-427E-A6A8-C4402C942516}"
EndProject
Global
	GlobalSection(SolutionConfigurationPlatforms) = preSolution
		Debug|Any CPU = Debug|Any CPU
		Release|Any CPU = Release|Any CPU
	EndGlobalSection
	GlobalSection(ProjectConfigurationPlatforms) = postSolution
		{F5B25D33-3182-4BE1-B85B-8C90EEDF36DC}.Debug|Any CPU.ActiveCfg = Debug|Any CPU
		{F5B25D33-3182-4BE1-B85B-8C90EEDF36DC}.Debug|Any CPU.Build.0 = Debug|Any CPU
		{F5B25D33-3182-4BE1-B85B-8C90EEDF36DC}.Release|Any CPU.ActiveCfg = Release|Any CPU
		{F5B25D33-3182-4BE1-B85B-8C90EEDF36DC}.Release|Any CPU.Build.0 = Release|Any CPU
		{919E7D56-5236-4D46-BC6B-C7D4539F851D}.Debug|Any CPU.ActiveCfg = Debug|Any CPU
		{919E7D56-5236-4D46-BC6B-C7D4539F851D}.Debug|Any CPU.Build.0 = Debug|Any CPU
		{919E7D56-5236-4D46-BC6B-C7D4539F851D}.Release|Any CPU.ActiveCfg = Release|Any CPU
		{919E7D56-5236-4D46-BC6B-C7D4539F851D}.Release|Any CPU.Build.0 = Release|Any CPU
		{64747F02-D0FB-427E-A6A8-C4402C942516}.Debug|Any CPU.ActiveCfg = Debug|Any CPU
		{64747F02-D0FB-427E-A6A8-C4402C942516}.Debug|Any CPU.Build.0 = Debug|Any CPU
		{64747F02-D0FB-427E-A6A8-C4402C942516}.Release|Any CPU.ActiveCfg = Release|Any CPU
		{64747F02-D0FB-427E-A6A8-C4402C942516}.Release|Any CPU.Build.0 = Release|Any CPU
	EndGlobalSection
	GlobalSection(SolutionProperties) = preSolution
		HideSolutionNode = FALSE
	EndGlobalSection
	GlobalSection(ExtensibilityGlobals) = postSolution
		SolutionGuid = {4BBAA443-CF27-4FCC-9A14-5F3BEA9020B5}
	EndGlobalSection
EndGlobal
